# This file was autogenerated by Stack.
# You should not edit this file by hand.
# For more information, please see the documentation at:
#   https://docs.haskellstack.org/en/stable/lock_files

packages:
- completed:
    hackage: attoparsec-conduit-1.1.0@sha256:00aeee08f025b5386b994a0d6409ca578b0227a0d8445955847c186c31c63caa,692
    pantry-tree:
      size: 163
      sha256: d9d0e8c6bd59235fc7f0dd4afbb34de93d0e7f421635326fdf04b64fd43cdfb3
  original:
    hackage: attoparsec-conduit-1.1.0
- completed:
    hackage: blaze-html-0.8.1.3@sha256:ad02bdfc85199ea1d2597a8d0f345df9a9ec048ceda19e02a822b860b9567770,2598
    pantry-tree:
      size: 2226
      sha256: c841a80dff6dddde6457f7652f899e8d9fce6879bc6ca2f27efa57402b001511
  original:
    hackage: blaze-html-0.8.1.3
- completed:
    hackage: blaze-markup-0.7.1.1@sha256:b37c8c620c6d21a6b9b0efd8fbaf5753d32bcb470f2d2c27752c7d60413eaf25,1948
    pantry-tree:
      size: 817
      sha256: f1ffb7e73806bb4cbf15a3e1b4ae465c8bc874ee98520dd5d88a830a91472c0c
  original:
    hackage: blaze-markup-0.7.1.1
- completed:
    hackage: digestive-functors-0.8.2.0@sha256:4cdc23ba108055b511cfed3b08ce94c6ddb020fb081fc86cd476f7beda443306,2805
    pantry-tree:
      size: 1682
      sha256: 9af136c7b49e21c2cb05108f0816dcdb4ceffd92907f315deb215e063db3a321
  original:
    hackage: digestive-functors-0.8.2.0
- completed:
    hackage: digestive-functors-heist-0.8.7.0@sha256:6bbfab312994bcba9fde46afd5fc258038ab81987aa62a151fbcd6a337adf9c6,990
    pantry-tree:
      size: 362
      sha256: ccb9fd65a0bdee2de7005da6749e49cb6adff7aeb4c31f6b45cfde64ff795c10
  original:
    hackage: digestive-functors-heist-0.8.7.0
- completed:
    hackage: digestive-functors-snap-0.7.0.0@sha256:33d2eb11ffb19d236516b6dd47135cd4b9af99aaac3d1aee47a8a5c6123bf90e,953
    pantry-tree:
      size: 233
      sha256: 1b15e9cb9496c6ddad4364a6fdd9ce8b5e052e3e54954cad1e1e1b067c8c3590
  original:
    hackage: digestive-functors-snap-0.7.0.0
- completed:
    hackage: haskell-src-meta-0.7.0.1@sha256:f7e59cc233a34bab7a25daa8c25536098b9941c967818ef08564a49f39d5d23c,1945
    pantry-tree:
      size: 952
      sha256: 57f683f6c23912aae20fec9884bb8d529e928ccd2373d05a732aba3f2cd9f370
  original:
    hackage: haskell-src-meta-0.7.0.1
- completed:
    hackage: heist-1.0.1.0@sha256:1c13df8c04cccb2411194ac5b8df0828e9d5f4336c5bbe891c5969e1c5c60fe4,8777
    pantry-tree:
      size: 7354
      sha256: f117ee17c65d5a199e6825ab61ee368210d07437a63515addcf27f42edb2690b
  original:
    hackage: heist-1.0.1.0
- completed:
    hackage: io-streams-1.3.6.1@sha256:5f80956251299773cc9a151d56e996725583df1c98aa774fb9f092896ddf0948,9193
    pantry-tree:
      size: 3198
      sha256: aa8264fdef904fb80977b8a871222520ff53acea2c3faa6e19a61b4856d4b35b
  original:
    hackage: io-streams-1.3.6.1
- completed:
    hackage: map-syntax-0.2.0.2@sha256:46c9473924c290cd8346ac1acc4922e916d5366b843e4b86e9b783d3f2ba6389,2133
    pantry-tree:
      size: 558
      sha256: 15ad4020d5f8643156b54338726e121fd9b764a2dbf8d66795e25322ceb1abdd
  original:
    hackage: map-syntax-0.2.0.2
- completed:
    hackage: qm-interpolated-string-0.3.0.0@sha256:5117901d24a5cc8798f8d7c1058a345ae67afd8a48970fe8f1bdb96d0baf5228,2417
    pantry-tree:
      size: 1637
      sha256: 068d996bc529537a5b34999c66bf0f7b8f06d83fd2dd4af868d81960ec0ed031
  original:
    hackage: qm-interpolated-string-0.3.0.0
- completed:
    hackage: snap-1.0.0.1@sha256:572f228249356af9148351bd4d6f2d4a8bab4f5bfb07b51d7353ef4e16006a4e,8983
    pantry-tree:
      size: 5743
      sha256: 8a98390a5fb2175e6e809d2166f5f4f250bc118a1027e1875418c3b1f920e1ed
  original:
    hackage: snap-1.0.0.1
- completed:
    hackage: snap-loader-static-1.0.0.0@sha256:710de34dd718cc2aeef59c26d0658ca7b5a4a6383aba2fb179101aae1d90c21d,1170
    pantry-tree:
      size: 383
      sha256: c92954725a1207232e597176fe9e07c1cbe46c66de69b62f6af61f7c56968f35
  original:
    hackage: snap-loader-static-1.0.0.0
- completed:
    hackage: snaplet-postgresql-simple-1.0.2.0@sha256:eb08ce414125bd084696ceeac22468f98f628868175f0f7d097b913968135712,2083
    pantry-tree:
      size: 599
      sha256: 98616dbcba5a04bc702dc03542d49e527a43fc8757663b6f30eaffd3be5a2cdd
  original:
    hackage: snaplet-postgresql-simple-1.0.2.0
- completed:
    hackage: stm-lifted-0.1.1.0@sha256:a50847ba76a3c44419721508e2b673778494759058fbdca1ef98f8c95d7b0056,1240
    pantry-tree:
      size: 830
      sha256: b009b340352edc9b908ee4c5ba91fc8461e096464f21164af0757bd2d5e6b1d0
  original:
    hackage: stm-lifted-0.1.1.0
- completed:
    hackage: syb-0.6@sha256:9d5ac26aa923516a2e3705275dff1fa7bff989ff4b607668acc1264c6d7b1695,2462
    pantry-tree:
      size: 3345
      sha256: 48b20a7301e11a5f432752be5a8c4713918df0113d6426b9e8eca81cab60500d
  original:
    hackage: syb-0.6
- completed:
    hackage: xmlhtml-0.2.4@sha256:59e6552378540050e843afeb63722df88790bc5728702df287f4bbd223bb4be1,45967
    pantry-tree:
      size: 61783
      sha256: aa6c366180b635ebc0890588e3734c452cc8af0ae0c05a9cfe9bfdeaee5e982e
  original:
    hackage: xmlhtml-0.2.4
- completed:
    name: pg-simple-qq-alt
    version: 0.1.0.0
    git: https://github.com/ruamk/pg-simple-alt-qq.git
    pantry-tree:
      size: 244
      sha256: 48d119d3bfc7b73c08a4d514742ae2f796ef2e9c6d403ac278ad841ffd36850d
    commit: 15fd5b959f0d88a50d2c460938bdb0cd2cd7322d
  original:
    git: https://github.com/ruamk/pg-simple-alt-qq.git
    commit: 15fd5b959f0d88a50d2c460938bdb0cd2cd7322d
- completed:
    name: websockets-snap
    version: 0.10.2.4
    git: https://github.com/ruamk/websockets-snap.git
    pantry-tree:
      size: 895
      sha256: 71ff32e0682390d3f5072c5659a9e9ced9c4a4372d25c76f80995eb534f86516
    commit: 8316c620bf4ffae8e6777e0b368edd0ce32a4324
  original:
    git: https://github.com/ruamk/websockets-snap.git
    commit: 8316c620bf4ffae8e6777e0b368edd0ce32a4324
- completed:
    name: snaplet-persistent
    version: '0.5'
    git: https://github.com/Soostone/snaplet-persistent.git
    pantry-tree:
      size: 829
      sha256: a38670b80eb2e635575e6581e727c5a611e593f2c2d43628a6e5cbc8c07713d8
    commit: 100291ada8c71d817d6758062dd98bbf2e60a040
  original:
    git: https://github.com/Soostone/snaplet-persistent.git
    commit: 100291ada8c71d817d6758062dd98bbf2e60a040
- completed:
    name: snap-extras
    version: 0.12.2.0
    git: https://github.com/ruamk/snap-extras.git
    pantry-tree:
      size: 2218
      sha256: 68bf7daa249c7d49f9a9171592d06cf0097c2ca3eea5adc397917ddbcde31677
    commit: 02a85d18fb4c7ea2a3ed43e6c5aa0e62ed521917
  original:
    git: https://github.com/ruamk/snap-extras.git
    commit: 02a85d18fb4c7ea2a3ed43e6c5aa0e62ed521917
snapshots:
- completed:
    size: 537868
    url: https://raw.githubusercontent.com/commercialhaskell/stackage-snapshots/master/lts/9/21.yaml
    sha256: 0a3be91c2bce851de4755003cfb1d85d62b6f90276231fcc305729c0c5c864a9
  original: lts-9.21
